{
    "version": 3,
    "terraform_version": "0.10.8",
    "serial": 97,
    "lineage": "b6a0a036-4ee0-4380-9b07-72cc90af6624",
    "modules": [
        {
            "path": [
                "root"
            ],
            "outputs": {
                "VPC": {
                    "sensitive": false,
                    "type": "string",
                    "value": "10.1.0.0/16"
                }
            },
            "resources": {
                "aws_vpc.AWSTest03TF": {
                    "type": "aws_vpc",
                    "depends_on": [],
                    "primary": {
                        "id": "vpc-03816a84064d2d2a4",
                        "attributes": {
                            "arn": "arn:aws:ec2:ap-south-1:001124702304:vpc/vpc-03816a84064d2d2a4",
                            "assign_generated_ipv6_cidr_block": "false",
                            "cidr_block": "10.1.0.0/16",
                            "default_network_acl_id": "acl-0d91d6458478a0a45",
                            "default_route_table_id": "rtb-01519e997d7723bcc",
                            "default_security_group_id": "sg-07f2c8ad9f988b3cd",
                            "dhcp_options_id": "dopt-e4fe3a8c",
                            "enable_dns_hostnames": "true",
                            "enable_dns_support": "true",
                            "id": "vpc-03816a84064d2d2a4",
                            "instance_tenancy": "default",
                            "main_route_table_id": "rtb-01519e997d7723bcc",
                            "tags.%": "1",
                            "tags.Name": "TFVPCTest1"
                        },
                        "meta": {
                            "schema_version": "1"
                        },
                        "tainted": false
                    },
                    "deposed": [],
                    "provider": ""
                }
            },
            "depends_on": []
        },
        {
            "path": [
                "root",
                "lc"
            ],
            "outputs": {
                "PrivateSubnets": {
                    "sensitive": false,
                    "type": "string",
                    "value": "ap-south-1a"
                },
                "PubSubnets": {
                    "sensitive": false,
                    "type": "string",
                    "value": "ap-south-1b"
                }
            },
            "resources": {
                "aws_instance.TFEc2Inst1Mub1": {
                    "type": "aws_instance",
                    "depends_on": [
                        "aws_security_group.icmponly",
                        "aws_security_group.insshonly",
                        "aws_subnet.PubSubnetTF"
                    ],
                    "primary": {
                        "id": "i-0bc44601b1d232c2d",
                        "attributes": {
                            "ami": "ami-00b6a8a2bd28daf19",
                            "arn": "arn:aws:ec2:ap-south-1:001124702304:instance/i-0bc44601b1d232c2d",
                            "associate_public_ip_address": "true",
                            "availability_zone": "ap-south-1a",
                            "cpu_core_count": "1",
                            "cpu_threads_per_core": "1",
                            "credit_specification.#": "1",
                            "credit_specification.0.cpu_credits": "standard",
                            "disable_api_termination": "false",
                            "ebs_block_device.#": "0",
                            "ebs_optimized": "false",
                            "ephemeral_block_device.#": "0",
                            "get_password_data": "false",
                            "iam_instance_profile": "",
                            "id": "i-0bc44601b1d232c2d",
                            "instance_state": "running",
                            "instance_type": "t2.micro",
                            "ipv6_addresses.#": "0",
                            "key_name": "TFEc2Inst3",
                            "monitoring": "false",
                            "network_interface.#": "0",
                            "network_interface_id": "eni-03856ffc3996769ff",
                            "password_data": "",
                            "placement_group": "",
                            "primary_network_interface_id": "eni-03856ffc3996769ff",
                            "private_dns": "ip-10-1-0-199.ap-south-1.compute.internal",
                            "private_ip": "10.1.0.199",
                            "public_dns": "ec2-13-232-26-199.ap-south-1.compute.amazonaws.com",
                            "public_ip": "13.232.26.199",
                            "root_block_device.#": "1",
                            "root_block_device.0.delete_on_termination": "true",
                            "root_block_device.0.iops": "100",
                            "root_block_device.0.volume_id": "vol-0710052543bd8ec4b",
                            "root_block_device.0.volume_size": "8",
                            "root_block_device.0.volume_type": "gp2",
                            "security_groups.#": "0",
                            "source_dest_check": "true",
                            "subnet_id": "subnet-0c334928b41ded130",
                            "tags.%": "1",
                            "tags.Name": "TFEc2Inst1Mub1",
                            "tenancy": "default",
                            "volume_tags.%": "0",
                            "vpc_security_group_ids.#": "2",
                            "vpc_security_group_ids.190095813": "sg-06993705a9c64c1ed",
                            "vpc_security_group_ids.838933195": "sg-0c530b6d9315929b1"
                        },
                        "meta": {
                            "e2bfb730-ecaa-11e6-8f88-34363bc7c4c0": {
                                "create": 600000000000,
                                "delete": 1200000000000,
                                "update": 600000000000
                            },
                            "schema_version": "1"
                        },
                        "tainted": false
                    },
                    "deposed": [],
                    "provider": ""
                },
                "aws_instance.TFEc2Inst1Mub2": {
                    "type": "aws_instance",
                    "depends_on": [
                        "aws_security_group.icmponly",
                        "aws_security_group.insshonly",
                        "aws_subnet.PrivateSubnetTF"
                    ],
                    "primary": {
                        "id": "i-0e7fa8f878289d033",
                        "attributes": {
                            "ami": "ami-00b6a8a2bd28daf19",
                            "arn": "arn:aws:ec2:ap-south-1:001124702304:instance/i-0e7fa8f878289d033",
                            "associate_public_ip_address": "false",
                            "availability_zone": "ap-south-1b",
                            "cpu_core_count": "1",
                            "cpu_threads_per_core": "1",
                            "credit_specification.#": "1",
                            "credit_specification.0.cpu_credits": "standard",
                            "disable_api_termination": "false",
                            "ebs_block_device.#": "0",
                            "ebs_optimized": "false",
                            "ephemeral_block_device.#": "0",
                            "get_password_data": "false",
                            "iam_instance_profile": "",
                            "id": "i-0e7fa8f878289d033",
                            "instance_state": "running",
                            "instance_type": "t2.micro",
                            "ipv6_addresses.#": "0",
                            "key_name": "TFEc2Inst3",
                            "monitoring": "false",
                            "network_interface.#": "0",
                            "network_interface_id": "eni-0462c5ac63c5aca80",
                            "password_data": "",
                            "placement_group": "",
                            "primary_network_interface_id": "eni-0462c5ac63c5aca80",
                            "private_dns": "ip-10-1-0-46.ap-south-1.compute.internal",
                            "private_ip": "10.1.0.46",
                            "public_dns": "",
                            "public_ip": "",
                            "root_block_device.#": "1",
                            "root_block_device.0.delete_on_termination": "true",
                            "root_block_device.0.iops": "100",
                            "root_block_device.0.volume_id": "vol-05f650307a9d677e0",
                            "root_block_device.0.volume_size": "8",
                            "root_block_device.0.volume_type": "gp2",
                            "security_groups.#": "0",
                            "source_dest_check": "true",
                            "subnet_id": "subnet-07eadcfa7b18c0f2f",
                            "tags.%": "1",
                            "tags.Name": "TFEc2Inst1Mub2",
                            "tenancy": "default",
                            "volume_tags.%": "0",
                            "vpc_security_group_ids.#": "2",
                            "vpc_security_group_ids.190095813": "sg-06993705a9c64c1ed",
                            "vpc_security_group_ids.838933195": "sg-0c530b6d9315929b1"
                        },
                        "meta": {
                            "e2bfb730-ecaa-11e6-8f88-34363bc7c4c0": {
                                "create": 600000000000,
                                "delete": 1200000000000,
                                "update": 600000000000
                            },
                            "schema_version": "1"
                        },
                        "tainted": false
                    },
                    "deposed": [],
                    "provider": ""
                },
                "aws_internet_gateway.TFIgw1": {
                    "type": "aws_internet_gateway",
                    "depends_on": [],
                    "primary": {
                        "id": "igw-0dece8bee65c35b56",
                        "attributes": {
                            "id": "igw-0dece8bee65c35b56",
                            "tags.%": "1",
                            "tags.Name": "TFIgw1",
                            "vpc_id": "vpc-03816a84064d2d2a4"
                        },
                        "meta": {},
                        "tainted": false
                    },
                    "deposed": [],
                    "provider": ""
                },
                "aws_network_acl.PrivateTFNACL": {
                    "type": "aws_network_acl",
                    "depends_on": [
                        "aws_subnet.PrivateSubnetTF"
                    ],
                    "primary": {
                        "id": "acl-06f4160a8ea03cb80",
                        "attributes": {
                            "egress.#": "3",
                            "egress.123144363.action": "allow",
                            "egress.123144363.cidr_block": "10.1.0.192/28",
                            "egress.123144363.from_port": "1024",
                            "egress.123144363.icmp_code": "0",
                            "egress.123144363.icmp_type": "0",
                            "egress.123144363.ipv6_cidr_block": "",
                            "egress.123144363.protocol": "6",
                            "egress.123144363.rule_no": "200",
                            "egress.123144363.to_port": "65535",
                            "egress.4170708369.action": "allow",
                            "egress.4170708369.cidr_block": "10.1.0.192/28",
                            "egress.4170708369.from_port": "0",
                            "egress.4170708369.icmp_code": "0",
                            "egress.4170708369.icmp_type": "8",
                            "egress.4170708369.ipv6_cidr_block": "",
                            "egress.4170708369.protocol": "1",
                            "egress.4170708369.rule_no": "300",
                            "egress.4170708369.to_port": "0",
                            "egress.552340700.action": "allow",
                            "egress.552340700.cidr_block": "10.1.0.192/28",
                            "egress.552340700.from_port": "0",
                            "egress.552340700.icmp_code": "0",
                            "egress.552340700.icmp_type": "0",
                            "egress.552340700.ipv6_cidr_block": "",
                            "egress.552340700.protocol": "1",
                            "egress.552340700.rule_no": "100",
                            "egress.552340700.to_port": "0",
                            "id": "acl-06f4160a8ea03cb80",
                            "ingress.#": "3",
                            "ingress.1025760638.action": "allow",
                            "ingress.1025760638.cidr_block": "10.1.0.192/28",
                            "ingress.1025760638.from_port": "0",
                            "ingress.1025760638.icmp_code": "0",
                            "ingress.1025760638.icmp_type": "0",
                            "ingress.1025760638.ipv6_cidr_block": "",
                            "ingress.1025760638.protocol": "1",
                            "ingress.1025760638.rule_no": "300",
                            "ingress.1025760638.to_port": "0",
                            "ingress.2298083520.action": "allow",
                            "ingress.2298083520.cidr_block": "10.1.0.192/28",
                            "ingress.2298083520.from_port": "22",
                            "ingress.2298083520.icmp_code": "0",
                            "ingress.2298083520.icmp_type": "0",
                            "ingress.2298083520.ipv6_cidr_block": "",
                            "ingress.2298083520.protocol": "6",
                            "ingress.2298083520.rule_no": "200",
                            "ingress.2298083520.to_port": "22",
                            "ingress.3847758899.action": "allow",
                            "ingress.3847758899.cidr_block": "10.1.0.192/28",
                            "ingress.3847758899.from_port": "0",
                            "ingress.3847758899.icmp_code": "0",
                            "ingress.3847758899.icmp_type": "8",
                            "ingress.3847758899.ipv6_cidr_block": "",
                            "ingress.3847758899.protocol": "1",
                            "ingress.3847758899.rule_no": "100",
                            "ingress.3847758899.to_port": "0",
                            "subnet_ids.#": "1",
                            "subnet_ids.1899325987": "subnet-07eadcfa7b18c0f2f",
                            "tags.%": "1",
                            "tags.Name": "PrivateTFNACL",
                            "vpc_id": "vpc-03816a84064d2d2a4"
                        },
                        "meta": {},
                        "tainted": false
                    },
                    "deposed": [],
                    "provider": ""
                },
                "aws_network_acl.PubTFNACL": {
                    "type": "aws_network_acl",
                    "depends_on": [
                        "aws_subnet.PubSubnetTF"
                    ],
                    "primary": {
                        "id": "acl-0fb573a8fb35eef3b",
                        "attributes": {
                            "egress.#": "4",
                            "egress.1187913360.action": "allow",
                            "egress.1187913360.cidr_block": "0.0.0.0/0",
                            "egress.1187913360.from_port": "0",
                            "egress.1187913360.icmp_code": "0",
                            "egress.1187913360.icmp_type": "0",
                            "egress.1187913360.ipv6_cidr_block": "",
                            "egress.1187913360.protocol": "1",
                            "egress.1187913360.rule_no": "100",
                            "egress.1187913360.to_port": "0",
                            "egress.1250796172.action": "allow",
                            "egress.1250796172.cidr_block": "10.1.0.0/26",
                            "egress.1250796172.from_port": "22",
                            "egress.1250796172.icmp_code": "0",
                            "egress.1250796172.icmp_type": "0",
                            "egress.1250796172.ipv6_cidr_block": "",
                            "egress.1250796172.protocol": "6",
                            "egress.1250796172.rule_no": "300",
                            "egress.1250796172.to_port": "22",
                            "egress.4101619828.action": "allow",
                            "egress.4101619828.cidr_block": "10.1.0.0/26",
                            "egress.4101619828.from_port": "0",
                            "egress.4101619828.icmp_code": "0",
                            "egress.4101619828.icmp_type": "8",
                            "egress.4101619828.ipv6_cidr_block": "",
                            "egress.4101619828.protocol": "1",
                            "egress.4101619828.rule_no": "400",
                            "egress.4101619828.to_port": "0",
                            "egress.957423221.action": "allow",
                            "egress.957423221.cidr_block": "0.0.0.0/0",
                            "egress.957423221.from_port": "1024",
                            "egress.957423221.icmp_code": "0",
                            "egress.957423221.icmp_type": "0",
                            "egress.957423221.ipv6_cidr_block": "",
                            "egress.957423221.protocol": "6",
                            "egress.957423221.rule_no": "200",
                            "egress.957423221.to_port": "65535",
                            "id": "acl-0fb573a8fb35eef3b",
                            "ingress.#": "3",
                            "ingress.4233684549.action": "allow",
                            "ingress.4233684549.cidr_block": "0.0.0.0/0",
                            "ingress.4233684549.from_port": "22",
                            "ingress.4233684549.icmp_code": "0",
                            "ingress.4233684549.icmp_type": "0",
                            "ingress.4233684549.ipv6_cidr_block": "",
                            "ingress.4233684549.protocol": "6",
                            "ingress.4233684549.rule_no": "300",
                            "ingress.4233684549.to_port": "22",
                            "ingress.820911036.action": "allow",
                            "ingress.820911036.cidr_block": "0.0.0.0/0",
                            "ingress.820911036.from_port": "0",
                            "ingress.820911036.icmp_code": "0",
                            "ingress.820911036.icmp_type": "8",
                            "ingress.820911036.ipv6_cidr_block": "",
                            "ingress.820911036.protocol": "1",
                            "ingress.820911036.rule_no": "200",
                            "ingress.820911036.to_port": "0",
                            "ingress.835578011.action": "allow",
                            "ingress.835578011.cidr_block": "10.1.0.0/26",
                            "ingress.835578011.from_port": "0",
                            "ingress.835578011.icmp_code": "0",
                            "ingress.835578011.icmp_type": "0",
                            "ingress.835578011.ipv6_cidr_block": "",
                            "ingress.835578011.protocol": "1",
                            "ingress.835578011.rule_no": "400",
                            "ingress.835578011.to_port": "0",
                            "subnet_ids.#": "1",
                            "subnet_ids.3170169116": "subnet-0c334928b41ded130",
                            "tags.%": "1",
                            "tags.Name": "PubTFNACL",
                            "vpc_id": "vpc-03816a84064d2d2a4"
                        },
                        "meta": {},
                        "tainted": false
                    },
                    "deposed": [],
                    "provider": ""
                },
                "aws_route_table.TFCustomTable1": {
                    "type": "aws_route_table",
                    "depends_on": [
                        "aws_internet_gateway.TFIgw1"
                    ],
                    "primary": {
                        "id": "rtb-0739214ed82d989da",
                        "attributes": {
                            "id": "rtb-0739214ed82d989da",
                            "propagating_vgws.#": "0",
                            "route.#": "1",
                            "route.1337774413.cidr_block": "0.0.0.0/0",
                            "route.1337774413.egress_only_gateway_id": "",
                            "route.1337774413.gateway_id": "igw-0dece8bee65c35b56",
                            "route.1337774413.instance_id": "",
                            "route.1337774413.ipv6_cidr_block": "",
                            "route.1337774413.nat_gateway_id": "",
                            "route.1337774413.network_interface_id": "",
                            "route.1337774413.vpc_peering_connection_id": "",
                            "tags.%": "1",
                            "tags.Name": "TFCustomTable1",
                            "vpc_id": "vpc-03816a84064d2d2a4"
                        },
                        "meta": {},
                        "tainted": false
                    },
                    "deposed": [],
                    "provider": ""
                },
                "aws_route_table_association.TFPubSubnetAsc": {
                    "type": "aws_route_table_association",
                    "depends_on": [
                        "aws_route_table.TFCustomTable1",
                        "aws_subnet.PubSubnetTF"
                    ],
                    "primary": {
                        "id": "rtbassoc-01e552949879a5e77",
                        "attributes": {
                            "id": "rtbassoc-01e552949879a5e77",
                            "route_table_id": "rtb-0739214ed82d989da",
                            "subnet_id": "subnet-0c334928b41ded130"
                        },
                        "meta": {},
                        "tainted": false
                    },
                    "deposed": [],
                    "provider": ""
                },
                "aws_security_group.icmponly": {
                    "type": "aws_security_group",
                    "depends_on": [],
                    "primary": {
                        "id": "sg-06993705a9c64c1ed",
                        "attributes": {
                            "arn": "arn:aws:ec2:ap-south-1:001124702304:security-group/sg-06993705a9c64c1ed",
                            "description": "ICMP allow",
                            "egress.#": "2",
                            "egress.1591860897.cidr_blocks.#": "3",
                            "egress.1591860897.cidr_blocks.0": "0.0.0.0/0",
                            "egress.1591860897.cidr_blocks.1": "10.1.0.192/28",
                            "egress.1591860897.cidr_blocks.2": "10.1.0.0/26",
                            "egress.1591860897.description": "",
                            "egress.1591860897.from_port": "8",
                            "egress.1591860897.ipv6_cidr_blocks.#": "0",
                            "egress.1591860897.prefix_list_ids.#": "0",
                            "egress.1591860897.protocol": "icmp",
                            "egress.1591860897.security_groups.#": "0",
                            "egress.1591860897.self": "false",
                            "egress.1591860897.to_port": "0",
                            "egress.2746723229.cidr_blocks.#": "3",
                            "egress.2746723229.cidr_blocks.0": "0.0.0.0/0",
                            "egress.2746723229.cidr_blocks.1": "10.1.0.192/28",
                            "egress.2746723229.cidr_blocks.2": "10.1.0.0/26",
                            "egress.2746723229.description": "",
                            "egress.2746723229.from_port": "0",
                            "egress.2746723229.ipv6_cidr_blocks.#": "0",
                            "egress.2746723229.prefix_list_ids.#": "0",
                            "egress.2746723229.protocol": "tcp",
                            "egress.2746723229.security_groups.#": "0",
                            "egress.2746723229.self": "false",
                            "egress.2746723229.to_port": "65535",
                            "id": "sg-06993705a9c64c1ed",
                            "ingress.#": "2",
                            "ingress.1591860897.cidr_blocks.#": "3",
                            "ingress.1591860897.cidr_blocks.0": "0.0.0.0/0",
                            "ingress.1591860897.cidr_blocks.1": "10.1.0.192/28",
                            "ingress.1591860897.cidr_blocks.2": "10.1.0.0/26",
                            "ingress.1591860897.description": "",
                            "ingress.1591860897.from_port": "8",
                            "ingress.1591860897.ipv6_cidr_blocks.#": "0",
                            "ingress.1591860897.protocol": "icmp",
                            "ingress.1591860897.security_groups.#": "0",
                            "ingress.1591860897.self": "false",
                            "ingress.1591860897.to_port": "0",
                            "ingress.3114491260.cidr_blocks.#": "3",
                            "ingress.3114491260.cidr_blocks.0": "0.0.0.0/0",
                            "ingress.3114491260.cidr_blocks.1": "10.1.0.192/28",
                            "ingress.3114491260.cidr_blocks.2": "10.1.0.0/26",
                            "ingress.3114491260.description": "",
                            "ingress.3114491260.from_port": "0",
                            "ingress.3114491260.ipv6_cidr_blocks.#": "0",
                            "ingress.3114491260.protocol": "icmp",
                            "ingress.3114491260.security_groups.#": "0",
                            "ingress.3114491260.self": "false",
                            "ingress.3114491260.to_port": "0",
                            "name": "TFEc2ICMP",
                            "owner_id": "001124702304",
                            "revoke_rules_on_delete": "false",
                            "tags.%": "1",
                            "tags.Name": "TFEc2ICMP",
                            "vpc_id": "vpc-03816a84064d2d2a4"
                        },
                        "meta": {
                            "e2bfb730-ecaa-11e6-8f88-34363bc7c4c0": {
                                "create": 600000000000,
                                "delete": 600000000000
                            },
                            "schema_version": "1"
                        },
                        "tainted": false
                    },
                    "deposed": [],
                    "provider": ""
                },
                "aws_security_group.insshonly": {
                    "type": "aws_security_group",
                    "depends_on": [],
                    "primary": {
                        "id": "sg-0c530b6d9315929b1",
                        "attributes": {
                            "arn": "arn:aws:ec2:ap-south-1:001124702304:security-group/sg-0c530b6d9315929b1",
                            "description": "SSH only inbound",
                            "egress.#": "1",
                            "egress.1031095948.cidr_blocks.#": "3",
                            "egress.1031095948.cidr_blocks.0": "0.0.0.0/0",
                            "egress.1031095948.cidr_blocks.1": "10.1.0.192/28",
                            "egress.1031095948.cidr_blocks.2": "10.1.0.0/26",
                            "egress.1031095948.description": "",
                            "egress.1031095948.from_port": "22",
                            "egress.1031095948.ipv6_cidr_blocks.#": "0",
                            "egress.1031095948.prefix_list_ids.#": "0",
                            "egress.1031095948.protocol": "tcp",
                            "egress.1031095948.security_groups.#": "0",
                            "egress.1031095948.self": "false",
                            "egress.1031095948.to_port": "22",
                            "id": "sg-0c530b6d9315929b1",
                            "ingress.#": "1",
                            "ingress.1031095948.cidr_blocks.#": "3",
                            "ingress.1031095948.cidr_blocks.0": "0.0.0.0/0",
                            "ingress.1031095948.cidr_blocks.1": "10.1.0.192/28",
                            "ingress.1031095948.cidr_blocks.2": "10.1.0.0/26",
                            "ingress.1031095948.description": "",
                            "ingress.1031095948.from_port": "22",
                            "ingress.1031095948.ipv6_cidr_blocks.#": "0",
                            "ingress.1031095948.protocol": "tcp",
                            "ingress.1031095948.security_groups.#": "0",
                            "ingress.1031095948.self": "false",
                            "ingress.1031095948.to_port": "22",
                            "name": "TFEc2SSH",
                            "owner_id": "001124702304",
                            "revoke_rules_on_delete": "false",
                            "tags.%": "1",
                            "tags.Name": "TFEc2SSH",
                            "vpc_id": "vpc-03816a84064d2d2a4"
                        },
                        "meta": {
                            "e2bfb730-ecaa-11e6-8f88-34363bc7c4c0": {
                                "create": 600000000000,
                                "delete": 600000000000
                            },
                            "schema_version": "1"
                        },
                        "tainted": false
                    },
                    "deposed": [],
                    "provider": ""
                },
                "aws_subnet.PrivateSubnetTF": {
                    "type": "aws_subnet",
                    "depends_on": [],
                    "primary": {
                        "id": "subnet-07eadcfa7b18c0f2f",
                        "attributes": {
                            "arn": "arn:aws:ec2:ap-south-1:001124702304:subnet/subnet-07eadcfa7b18c0f2f",
                            "assign_ipv6_address_on_creation": "false",
                            "availability_zone": "ap-south-1b",
                            "cidr_block": "10.1.0.0/26",
                            "id": "subnet-07eadcfa7b18c0f2f",
                            "map_public_ip_on_launch": "false",
                            "tags.%": "1",
                            "tags.Name": "TFPrivateSubnet1",
                            "vpc_id": "vpc-03816a84064d2d2a4"
                        },
                        "meta": {
                            "schema_version": "1"
                        },
                        "tainted": false
                    },
                    "deposed": [],
                    "provider": ""
                },
                "aws_subnet.PubSubnetTF": {
                    "type": "aws_subnet",
                    "depends_on": [],
                    "primary": {
                        "id": "subnet-0c334928b41ded130",
                        "attributes": {
                            "arn": "arn:aws:ec2:ap-south-1:001124702304:subnet/subnet-0c334928b41ded130",
                            "assign_ipv6_address_on_creation": "false",
                            "availability_zone": "ap-south-1a",
                            "cidr_block": "10.1.0.192/28",
                            "id": "subnet-0c334928b41ded130",
                            "map_public_ip_on_launch": "true",
                            "tags.%": "1",
                            "tags.Name": "TFPublicSubnet1",
                            "vpc_id": "vpc-03816a84064d2d2a4"
                        },
                        "meta": {
                            "schema_version": "1"
                        },
                        "tainted": false
                    },
                    "deposed": [],
                    "provider": ""
                }
            },
            "depends_on": []
        }
    ]
}
