{
    "version": 3,
    "terraform_version": "0.10.8",
    "serial": 3,
    "lineage": "47849864-b051-4231-b38c-13aa2ec2d37c",
    "modules": [
        {
            "path": [
                "root"
            ],
            "outputs": {},
            "resources": {},
            "depends_on": []
        },
        {
            "path": [
                "root",
                "lc"
            ],
            "outputs": {},
            "resources": {
                "aws_instance.TFEc2Inst1Mub": {
                    "type": "aws_instance",
                    "depends_on": [],
                    "primary": {
                        "id": "i-0f7b1627a7063b0fb",
                        "attributes": {
                            "ami": "ami-00b6a8a2bd28daf19",
                            "arn": "arn:aws:ec2:ap-south-1:001124702304:instance/i-0f7b1627a7063b0fb",
                            "associate_public_ip_address": "true",
                            "availability_zone": "ap-south-1a",
                            "cpu_core_count": "1",
                            "cpu_threads_per_core": "1",
                            "credit_specification.#": "1",
                            "credit_specification.0.cpu_credits": "standard",
                            "disable_api_termination": "false",
                            "ebs_block_device.#": "0",
                            "ebs_optimized": "false",
                            "ephemeral_block_device.#": "0",
                            "get_password_data": "false",
                            "iam_instance_profile": "",
                            "id": "i-0f7b1627a7063b0fb",
                            "instance_state": "running",
                            "instance_type": "t2.micro",
                            "ipv6_addresses.#": "0",
                            "key_name": "TFEc2Inst1",
                            "monitoring": "false",
                            "network_interface.#": "0",
                            "network_interface_id": "eni-05ac7f5fbdcf329d1",
                            "password_data": "",
                            "placement_group": "",
                            "primary_network_interface_id": "eni-05ac7f5fbdcf329d1",
                            "private_dns": "ip-172-31-19-170.ap-south-1.compute.internal",
                            "private_ip": "172.31.19.170",
                            "public_dns": "ec2-13-127-146-8.ap-south-1.compute.amazonaws.com",
                            "public_ip": "13.127.146.8",
                            "root_block_device.#": "1",
                            "root_block_device.0.delete_on_termination": "true",
                            "root_block_device.0.iops": "100",
                            "root_block_device.0.volume_id": "vol-06fbcc6a2dc863891",
                            "root_block_device.0.volume_size": "8",
                            "root_block_device.0.volume_type": "gp2",
                            "security_groups.#": "1",
                            "security_groups.480378657": "default",
                            "source_dest_check": "true",
                            "subnet_id": "subnet-ff07f397",
                            "tags.%": "0",
                            "tenancy": "default",
                            "volume_tags.%": "0",
                            "vpc_security_group_ids.#": "1",
                            "vpc_security_group_ids.324890046": "sg-a6257ace"
                        },
                        "meta": {
                            "e2bfb730-ecaa-11e6-8f88-34363bc7c4c0": {
                                "create": 600000000000,
                                "delete": 1200000000000,
                                "update": 600000000000
                            },
                            "schema_version": "1"
                        },
                        "tainted": false
                    },
                    "deposed": [],
                    "provider": ""
                }
            },
            "depends_on": []
        }
    ]
}
