{
    "version": 3,
    "terraform_version": "0.10.8",
    "serial": 46,
    "lineage": "b6a0a036-4ee0-4380-9b07-72cc90af6624",
    "modules": [
        {
            "path": [
                "root"
            ],
            "outputs": {
                "VPC": {
                    "sensitive": false,
                    "type": "string",
                    "value": "10.1.0.0/16"
                }
            },
            "resources": {
                "aws_vpc.AWSTest03TF": {
                    "type": "aws_vpc",
                    "depends_on": [],
                    "primary": {
                        "id": "vpc-03816a84064d2d2a4",
                        "attributes": {
                            "arn": "arn:aws:ec2:ap-south-1:001124702304:vpc/vpc-03816a84064d2d2a4",
                            "assign_generated_ipv6_cidr_block": "false",
                            "cidr_block": "10.1.0.0/16",
                            "default_network_acl_id": "acl-0d91d6458478a0a45",
                            "default_route_table_id": "rtb-01519e997d7723bcc",
                            "default_security_group_id": "sg-07f2c8ad9f988b3cd",
                            "dhcp_options_id": "dopt-e4fe3a8c",
                            "enable_dns_hostnames": "false",
                            "enable_dns_support": "true",
                            "id": "vpc-03816a84064d2d2a4",
                            "instance_tenancy": "default",
                            "main_route_table_id": "rtb-01519e997d7723bcc",
                            "tags.%": "1",
                            "tags.Name": "TFVPCTest1"
                        },
                        "meta": {
                            "schema_version": "1"
                        },
                        "tainted": false
                    },
                    "deposed": [],
                    "provider": ""
                }
            },
            "depends_on": []
        },
        {
            "path": [
                "root",
                "lc"
            ],
            "outputs": {
                "PrivateSubnets": {
                    "sensitive": false,
                    "type": "string",
                    "value": "ap-south-1a"
                },
                "PubSubnets": {
                    "sensitive": false,
                    "type": "string",
                    "value": "ap-south-1b"
                }
            },
            "resources": {
                "aws_network_acl.PrivateTFNACLSsh": {
                    "type": "aws_network_acl",
                    "depends_on": [
                        "aws_subnet.PrivateSubnetTF.*"
                    ],
                    "primary": {
                        "id": "acl-0c3e9b4ea4b0a436a",
                        "attributes": {
                            "egress.#": "1",
                            "egress.2298083520.action": "allow",
                            "egress.2298083520.cidr_block": "10.1.0.192/28",
                            "egress.2298083520.from_port": "22",
                            "egress.2298083520.icmp_code": "0",
                            "egress.2298083520.icmp_type": "0",
                            "egress.2298083520.ipv6_cidr_block": "",
                            "egress.2298083520.protocol": "6",
                            "egress.2298083520.rule_no": "200",
                            "egress.2298083520.to_port": "22",
                            "id": "acl-0c3e9b4ea4b0a436a",
                            "ingress.#": "1",
                            "ingress.2298083520.action": "allow",
                            "ingress.2298083520.cidr_block": "10.1.0.192/28",
                            "ingress.2298083520.from_port": "22",
                            "ingress.2298083520.icmp_code": "0",
                            "ingress.2298083520.icmp_type": "0",
                            "ingress.2298083520.ipv6_cidr_block": "",
                            "ingress.2298083520.protocol": "6",
                            "ingress.2298083520.rule_no": "200",
                            "ingress.2298083520.to_port": "22",
                            "subnet_ids.#": "1",
                            "subnet_ids.1899325987": "subnet-07eadcfa7b18c0f2f",
                            "tags.%": "1",
                            "tags.Name": "PrivateTFNACLSsh",
                            "vpc_id": "vpc-03816a84064d2d2a4"
                        },
                        "meta": {},
                        "tainted": false
                    },
                    "deposed": [],
                    "provider": ""
                },
                "aws_network_acl.PubTFNACLIcmp": {
                    "type": "aws_network_acl",
                    "depends_on": [
                        "aws_subnet.PubSubnetTF.*"
                    ],
                    "primary": {
                        "id": "acl-011781c96c3c70649",
                        "attributes": {
                            "egress.#": "1",
                            "egress.2254591912.action": "allow",
                            "egress.2254591912.cidr_block": "0.0.0.0/0",
                            "egress.2254591912.from_port": "53",
                            "egress.2254591912.icmp_code": "0",
                            "egress.2254591912.icmp_type": "0",
                            "egress.2254591912.ipv6_cidr_block": "",
                            "egress.2254591912.protocol": "6",
                            "egress.2254591912.rule_no": "100",
                            "egress.2254591912.to_port": "53",
                            "id": "acl-011781c96c3c70649",
                            "ingress.#": "1",
                            "ingress.2254591912.action": "allow",
                            "ingress.2254591912.cidr_block": "0.0.0.0/0",
                            "ingress.2254591912.from_port": "53",
                            "ingress.2254591912.icmp_code": "0",
                            "ingress.2254591912.icmp_type": "0",
                            "ingress.2254591912.ipv6_cidr_block": "",
                            "ingress.2254591912.protocol": "6",
                            "ingress.2254591912.rule_no": "100",
                            "ingress.2254591912.to_port": "53",
                            "subnet_ids.#": "1",
                            "subnet_ids.3170169116": "subnet-0c334928b41ded130",
                            "tags.%": "1",
                            "tags.Name": "PubTFNACLIcmp",
                            "vpc_id": "vpc-03816a84064d2d2a4"
                        },
                        "meta": {},
                        "tainted": false
                    },
                    "deposed": [],
                    "provider": ""
                },
                "aws_network_acl.PubTFNACLSsh": {
                    "type": "aws_network_acl",
                    "depends_on": [
                        "aws_subnet.PubSubnetTF.*"
                    ],
                    "primary": {
                        "id": "acl-0fc0207740c490c98",
                        "attributes": {
                            "egress.#": "1",
                            "egress.2463431940.action": "allow",
                            "egress.2463431940.cidr_block": "0.0.0.0/0",
                            "egress.2463431940.from_port": "22",
                            "egress.2463431940.icmp_code": "0",
                            "egress.2463431940.icmp_type": "0",
                            "egress.2463431940.ipv6_cidr_block": "",
                            "egress.2463431940.protocol": "6",
                            "egress.2463431940.rule_no": "200",
                            "egress.2463431940.to_port": "22",
                            "id": "acl-0fc0207740c490c98",
                            "ingress.#": "1",
                            "ingress.2463431940.action": "allow",
                            "ingress.2463431940.cidr_block": "0.0.0.0/0",
                            "ingress.2463431940.from_port": "22",
                            "ingress.2463431940.icmp_code": "0",
                            "ingress.2463431940.icmp_type": "0",
                            "ingress.2463431940.ipv6_cidr_block": "",
                            "ingress.2463431940.protocol": "6",
                            "ingress.2463431940.rule_no": "200",
                            "ingress.2463431940.to_port": "22",
                            "subnet_ids.#": "1",
                            "subnet_ids.3170169116": "subnet-0c334928b41ded130",
                            "tags.%": "1",
                            "tags.Name": "PubTFNACLSsh",
                            "vpc_id": "vpc-03816a84064d2d2a4"
                        },
                        "meta": {},
                        "tainted": false
                    },
                    "deposed": [],
                    "provider": ""
                },
                "aws_security_group.icmponly": {
                    "type": "aws_security_group",
                    "depends_on": [],
                    "primary": {
                        "id": "sg-06993705a9c64c1ed",
                        "attributes": {
                            "arn": "arn:aws:ec2:ap-south-1:001124702304:security-group/sg-06993705a9c64c1ed",
                            "description": "ICMP allow",
                            "egress.#": "0",
                            "id": "sg-06993705a9c64c1ed",
                            "ingress.#": "1",
                            "ingress.2342672136.cidr_blocks.#": "1",
                            "ingress.2342672136.cidr_blocks.0": "0.0.0.0/0",
                            "ingress.2342672136.description": "",
                            "ingress.2342672136.from_port": "53",
                            "ingress.2342672136.ipv6_cidr_blocks.#": "0",
                            "ingress.2342672136.protocol": "tcp",
                            "ingress.2342672136.security_groups.#": "0",
                            "ingress.2342672136.self": "false",
                            "ingress.2342672136.to_port": "53",
                            "name": "TFEc2ICMP",
                            "owner_id": "001124702304",
                            "revoke_rules_on_delete": "false",
                            "tags.%": "1",
                            "tags.Name": "TFEc2ICMP",
                            "vpc_id": "vpc-03816a84064d2d2a4"
                        },
                        "meta": {
                            "e2bfb730-ecaa-11e6-8f88-34363bc7c4c0": {
                                "create": 600000000000,
                                "delete": 600000000000
                            },
                            "schema_version": "1"
                        },
                        "tainted": false
                    },
                    "deposed": [],
                    "provider": ""
                },
                "aws_security_group.insshonly": {
                    "type": "aws_security_group",
                    "depends_on": [],
                    "primary": {
                        "id": "sg-0c530b6d9315929b1",
                        "attributes": {
                            "arn": "arn:aws:ec2:ap-south-1:001124702304:security-group/sg-0c530b6d9315929b1",
                            "description": "SSH only inbound",
                            "egress.#": "0",
                            "id": "sg-0c530b6d9315929b1",
                            "ingress.#": "1",
                            "ingress.2541437006.cidr_blocks.#": "1",
                            "ingress.2541437006.cidr_blocks.0": "0.0.0.0/0",
                            "ingress.2541437006.description": "",
                            "ingress.2541437006.from_port": "22",
                            "ingress.2541437006.ipv6_cidr_blocks.#": "0",
                            "ingress.2541437006.protocol": "tcp",
                            "ingress.2541437006.security_groups.#": "0",
                            "ingress.2541437006.self": "false",
                            "ingress.2541437006.to_port": "22",
                            "name": "TFEc2SSH",
                            "owner_id": "001124702304",
                            "revoke_rules_on_delete": "false",
                            "tags.%": "1",
                            "tags.Name": "TFEc2SSH",
                            "vpc_id": "vpc-03816a84064d2d2a4"
                        },
                        "meta": {
                            "e2bfb730-ecaa-11e6-8f88-34363bc7c4c0": {
                                "create": 600000000000,
                                "delete": 600000000000
                            },
                            "schema_version": "1"
                        },
                        "tainted": false
                    },
                    "deposed": [],
                    "provider": ""
                },
                "aws_subnet.PrivateSubnetTF": {
                    "type": "aws_subnet",
                    "depends_on": [],
                    "primary": {
                        "id": "subnet-07eadcfa7b18c0f2f",
                        "attributes": {
                            "arn": "arn:aws:ec2:ap-south-1:001124702304:subnet/subnet-07eadcfa7b18c0f2f",
                            "assign_ipv6_address_on_creation": "false",
                            "availability_zone": "ap-south-1b",
                            "cidr_block": "10.1.0.0/26",
                            "id": "subnet-07eadcfa7b18c0f2f",
                            "map_public_ip_on_launch": "false",
                            "tags.%": "1",
                            "tags.Name": "TFPrivateSubnet1",
                            "vpc_id": "vpc-03816a84064d2d2a4"
                        },
                        "meta": {
                            "schema_version": "1"
                        },
                        "tainted": false
                    },
                    "deposed": [],
                    "provider": ""
                },
                "aws_subnet.PubSubnetTF": {
                    "type": "aws_subnet",
                    "depends_on": [],
                    "primary": {
                        "id": "subnet-0c334928b41ded130",
                        "attributes": {
                            "arn": "arn:aws:ec2:ap-south-1:001124702304:subnet/subnet-0c334928b41ded130",
                            "assign_ipv6_address_on_creation": "false",
                            "availability_zone": "ap-south-1a",
                            "cidr_block": "10.1.0.192/28",
                            "id": "subnet-0c334928b41ded130",
                            "map_public_ip_on_launch": "true",
                            "tags.%": "1",
                            "tags.Name": "TFPublicSubnet1",
                            "vpc_id": "vpc-03816a84064d2d2a4"
                        },
                        "meta": {
                            "schema_version": "1"
                        },
                        "tainted": false
                    },
                    "deposed": [],
                    "provider": ""
                }
            },
            "depends_on": []
        }
    ]
}
